
Microsoft Visual Studio Solution File, Format Version 12.00
# Visual Studio Version 17
VisualStudioVersion = 17.6.33801.468
MinimumVisualStudioVersion = 10.0.40219.1
Project("{FAE04EC0-301F-11D3-BF4B-00C04F79EFBC}") = "MY Website", "MY Website\MY Website.csproj", "{A32851FB-2FEB-49C0-9C66-AC0E9758FEB8}"
EndProject
Global
	GlobalSection(SolutionConfigurationPlatforms) = preSolution
		Debug|Any CPU = Debug|Any CPU
		Release|Any CPU = Release|Any CPU
	EndGlobalSection
	GlobalSection(ProjectConfigurationPlatforms) = postSolution
		{A32851FB-2FEB-49C0-9C66-AC0E9758FEB8}.Debug|Any CPU.ActiveCfg = Debug|Any CPU
		{A32851FB-2FEB-49C0-9C66-AC0E9758FEB8}.Debug|Any CPU.Build.0 = Debug|Any CPU
		{A32851FB-2FEB-49C0-9C66-AC0E9758FEB8}.Release|Any CPU.ActiveCfg = Release|Any CPU
		{A32851FB-2FEB-49C0-9C66-AC0E9758FEB8}.Release|Any CPU.Build.0 = Release|Any CPU
	EndGlobalSection
	GlobalSection(SolutionProperties) = preSolution
		HideSolutionNode = FALSE
	EndGlobalSection
	GlobalSection(ExtensibilityGlobals) = postSolution
		SolutionGuid = {3BEBCA7C-068B-405C-B3E1-06D2C15C4560}
	EndGlobalSection
EndGlobal
